
Microsoft Visual Studio Solution File, Format Version 12.00
Project("{FAE04EC0-301F-11D3-BF4B-00C04F79EFBC}") = "SilentGuardianX", "SilentGuardianX\SilentGuardianX.csproj", "{C949E8CC-B454-4981-8748-D900C01BCB4D}"
EndProject
Project("{FAE04EC0-301F-11D3-BF4B-00C04F79EFBC}") = "SilentGuardian.Domain", "Modules\SilentGuardian\Domain\SilentGuardian.Domain\SilentGuardian.Domain.csproj", "{A3A0ADB4-D89C-4CEC-93EA-6FA3370F8E21}"
EndProject
Project("{FAE04EC0-301F-11D3-BF4B-00C04F79EFBC}") = "SilentGuardian.Application", "Modules\SilentGuardian\Application\SilentGuardian.Application\SilentGuardian.Application.csproj", "{873022AE-06AF-44A2-964F-BC3885D36635}"
EndProject
Project("{FAE04EC0-301F-11D3-BF4B-00C04F79EFBC}") = "SilentGuardian.Infrastructure", "Modules\SilentGuardian\Infrastructure\SilentGuardian.Infrastructure\SilentGuardian.Infrastructure.csproj", "{792D7D88-3D37-4ED0-BFB1-FB74AF45B850}"
EndProject
Project("{FAE04EC0-301F-11D3-BF4B-00C04F79EFBC}") = "SilentGuardian.xUnitTests", "Modules\SilentGuardian\xUnitTests\SilentGuardian.xUnitTests\SilentGuardian.xUnitTests.csproj", "{7A3D40A0-A075-411F-820A-5E3DE8EBA117}"
EndProject
Global
	GlobalSection(SolutionConfigurationPlatforms) = preSolution
		Debug|Any CPU = Debug|Any CPU
		Release|Any CPU = Release|Any CPU
	EndGlobalSection
	GlobalSection(ProjectConfigurationPlatforms) = postSolution
		{C949E8CC-B454-4981-8748-D900C01BCB4D}.Debug|Any CPU.ActiveCfg = Debug|Any CPU
		{C949E8CC-B454-4981-8748-D900C01BCB4D}.Debug|Any CPU.Build.0 = Debug|Any CPU
		{C949E8CC-B454-4981-8748-D900C01BCB4D}.Release|Any CPU.ActiveCfg = Release|Any CPU
		{C949E8CC-B454-4981-8748-D900C01BCB4D}.Release|Any CPU.Build.0 = Release|Any CPU
		{A3A0ADB4-D89C-4CEC-93EA-6FA3370F8E21}.Debug|Any CPU.ActiveCfg = Debug|Any CPU
		{A3A0ADB4-D89C-4CEC-93EA-6FA3370F8E21}.Debug|Any CPU.Build.0 = Debug|Any CPU
		{A3A0ADB4-D89C-4CEC-93EA-6FA3370F8E21}.Release|Any CPU.ActiveCfg = Release|Any CPU
		{A3A0ADB4-D89C-4CEC-93EA-6FA3370F8E21}.Release|Any CPU.Build.0 = Release|Any CPU
		{873022AE-06AF-44A2-964F-BC3885D36635}.Debug|Any CPU.ActiveCfg = Debug|Any CPU
		{873022AE-06AF-44A2-964F-BC3885D36635}.Debug|Any CPU.Build.0 = Debug|Any CPU
		{873022AE-06AF-44A2-964F-BC3885D36635}.Release|Any CPU.ActiveCfg = Release|Any CPU
		{873022AE-06AF-44A2-964F-BC3885D36635}.Release|Any CPU.Build.0 = Release|Any CPU
		{792D7D88-3D37-4ED0-BFB1-FB74AF45B850}.Debug|Any CPU.ActiveCfg = Debug|Any CPU
		{792D7D88-3D37-4ED0-BFB1-FB74AF45B850}.Debug|Any CPU.Build.0 = Debug|Any CPU
		{792D7D88-3D37-4ED0-BFB1-FB74AF45B850}.Release|Any CPU.ActiveCfg = Release|Any CPU
		{792D7D88-3D37-4ED0-BFB1-FB74AF45B850}.Release|Any CPU.Build.0 = Release|Any CPU
		{7A3D40A0-A075-411F-820A-5E3DE8EBA117}.Debug|Any CPU.ActiveCfg = Debug|Any CPU
		{7A3D40A0-A075-411F-820A-5E3DE8EBA117}.Debug|Any CPU.Build.0 = Debug|Any CPU
		{7A3D40A0-A075-411F-820A-5E3DE8EBA117}.Release|Any CPU.ActiveCfg = Release|Any CPU
		{7A3D40A0-A075-411F-820A-5E3DE8EBA117}.Release|Any CPU.Build.0 = Release|Any CPU
	EndGlobalSection
EndGlobal
